// !$*UTF8*$!
{
	archiveVersion = 1;
	classes = {
	};
	objectVersion = 56;
	objects = {

/* Begin PBXBuildFile section */
		C38D29E82C263FE6009C60BF /* FileCacheTests.swift in Sources */ = {isa = PBXBuildFile; fileRef = C38D29E72C263FE6009C60BF /* FileCacheTests.swift */; };
		C38D29EB2C270648009C60BF /* MainView.swift in Sources */ = {isa = PBXBuildFile; fileRef = C38D29EA2C270648009C60BF /* MainView.swift */; };
		C396B3C92C2A085400A695E6 /* TodoListViewModel.swift in Sources */ = {isa = PBXBuildFile; fileRef = C396B3C82C2A085400A695E6 /* TodoListViewModel.swift */; };
		C3C572D82C1DC0D100314F5E /* ToDoAppApp.swift in Sources */ = {isa = PBXBuildFile; fileRef = C3C572D72C1DC0D100314F5E /* ToDoAppApp.swift */; };
		C3C572DA2C1DC0D100314F5E /* CreateEditItemView.swift in Sources */ = {isa = PBXBuildFile; fileRef = C3C572D92C1DC0D100314F5E /* CreateEditItemView.swift */; };
		C3C572DC2C1DC0D300314F5E /* Assets.xcassets in Resources */ = {isa = PBXBuildFile; fileRef = C3C572DB2C1DC0D300314F5E /* Assets.xcassets */; };
		C3C572DF2C1DC0D300314F5E /* Preview Assets.xcassets in Resources */ = {isa = PBXBuildFile; fileRef = C3C572DE2C1DC0D300314F5E /* Preview Assets.xcassets */; };
		C3C572E72C1DC13500314F5E /* ItemImportance.swift in Sources */ = {isa = PBXBuildFile; fileRef = C3C572E62C1DC13500314F5E /* ItemImportance.swift */; };
		C3C572E92C1DC25700314F5E /* ToDoItem.swift in Sources */ = {isa = PBXBuildFile; fileRef = C3C572E82C1DC25700314F5E /* ToDoItem.swift */; };
		C3C572FF2C1F13A600314F5E /* FileCache.swift in Sources */ = {isa = PBXBuildFile; fileRef = C3C572FE2C1F13A600314F5E /* FileCache.swift */; };
		C3DB71412C262CE700DFAFF9 /* test_1.json in Resources */ = {isa = PBXBuildFile; fileRef = C3DB71402C262CE700DFAFF9 /* test_1.json */; };
		C3DB71452C262F3D00DFAFF9 /* JsonTests.swift in Sources */ = {isa = PBXBuildFile; fileRef = C3DB71442C262F3D00DFAFF9 /* JsonTests.swift */; };
		C3E300122C2B45B3009C76E6 /* CustomTextView.swift in Sources */ = {isa = PBXBuildFile; fileRef = C3E300112C2B45B3009C76E6 /* CustomTextView.swift */; };
		C3E300162C2B6731009C76E6 /* Localizable-ru.strings in Resources */ = {isa = PBXBuildFile; fileRef = C3E300152C2B6731009C76E6 /* Localizable-ru.strings */; };
		C3E300192C2B67D5009C76E6 /* Strings.swift in Sources */ = {isa = PBXBuildFile; fileRef = C3E300182C2B67D5009C76E6 /* Strings.swift */; };
		C3E3001D2C2B6E11009C76E6 /* Colors.swift in Sources */ = {isa = PBXBuildFile; fileRef = C3E3001C2C2B6E11009C76E6 /* Colors.swift */; };
		C3E3001F2C2B711B009C76E6 /* Constants.swift in Sources */ = {isa = PBXBuildFile; fileRef = C3E3001E2C2B711B009C76E6 /* Constants.swift */; };
		C3E300202C2B711B009C76E6 /* Constants.swift in Sources */ = {isa = PBXBuildFile; fileRef = C3E3001E2C2B711B009C76E6 /* Constants.swift */; };
		C3E300222C2B723F009C76E6 /* CreateItemViewViewModel.swift in Sources */ = {isa = PBXBuildFile; fileRef = C3E300212C2B723F009C76E6 /* CreateItemViewViewModel.swift */; };
		C3E300232C2B723F009C76E6 /* CreateItemViewViewModel.swift in Sources */ = {isa = PBXBuildFile; fileRef = C3E300212C2B723F009C76E6 /* CreateItemViewViewModel.swift */; };
		C3E300252C2B82E9009C76E6 /* View+Extension.swift in Sources */ = {isa = PBXBuildFile; fileRef = C3E300242C2B82E9009C76E6 /* View+Extension.swift */; };
		C3E300262C2B82E9009C76E6 /* View+Extension.swift in Sources */ = {isa = PBXBuildFile; fileRef = C3E300242C2B82E9009C76E6 /* View+Extension.swift */; };
		C3E3002A2C2C1A6B009C76E6 /* DateFormatterManager.swift in Sources */ = {isa = PBXBuildFile; fileRef = C3E300292C2C1A6B009C76E6 /* DateFormatterManager.swift */; };
		C3E3002B2C2C1A6B009C76E6 /* DateFormatterManager.swift in Sources */ = {isa = PBXBuildFile; fileRef = C3E300292C2C1A6B009C76E6 /* DateFormatterManager.swift */; };
		C3E300422C2D11BE009C76E6 /* Color+Hex.swift in Sources */ = {isa = PBXBuildFile; fileRef = C3E300412C2D11BE009C76E6 /* Color+Hex.swift */; };
		C3E300432C2D11BE009C76E6 /* Color+Hex.swift in Sources */ = {isa = PBXBuildFile; fileRef = C3E300412C2D11BE009C76E6 /* Color+Hex.swift */; };
		C3E300452C2D11DA009C76E6 /* UIColor+Hex.swift in Sources */ = {isa = PBXBuildFile; fileRef = C3E300442C2D11DA009C76E6 /* UIColor+Hex.swift */; };
		C3E300462C2D11DA009C76E6 /* UIColor+Hex.swift in Sources */ = {isa = PBXBuildFile; fileRef = C3E300442C2D11DA009C76E6 /* UIColor+Hex.swift */; };
		C3EBBC5F2C2F3BC700C09F51 /* TextView.swift in Sources */ = {isa = PBXBuildFile; fileRef = C3EBBC5E2C2F3BC700C09F51 /* TextView.swift */; };
		C3EBBC612C2F3D0700C09F51 /* ColorPickerView.swift in Sources */ = {isa = PBXBuildFile; fileRef = C3EBBC602C2F3D0700C09F51 /* ColorPickerView.swift */; };
		C3EBBC632C2F3FAB00C09F51 /* ImportanceSegmentView.swift in Sources */ = {isa = PBXBuildFile; fileRef = C3EBBC622C2F3FAB00C09F51 /* ImportanceSegmentView.swift */; };
		C3EBBC652C2F422E00C09F51 /* DeadlineSegmentView.swift in Sources */ = {isa = PBXBuildFile; fileRef = C3EBBC642C2F422E00C09F51 /* DeadlineSegmentView.swift */; };
		C3EBBC672C2F45B000C09F51 /* ItemActionType.swift in Sources */ = {isa = PBXBuildFile; fileRef = C3EBBC662C2F45B000C09F51 /* ItemActionType.swift */; };
		C3EBBC692C2F507D00C09F51 /* DeleteButton.swift in Sources */ = {isa = PBXBuildFile; fileRef = C3EBBC682C2F507D00C09F51 /* DeleteButton.swift */; };
		C3EBBC6B2C2F513700C09F51 /* DatePickerView.swift in Sources */ = {isa = PBXBuildFile; fileRef = C3EBBC6A2C2F513700C09F51 /* DatePickerView.swift */; };
		C3EBBC6D2C2F51EE00C09F51 /* NavigationToolBarModifier.swift in Sources */ = {isa = PBXBuildFile; fileRef = C3EBBC6C2C2F51EE00C09F51 /* NavigationToolBarModifier.swift */; };
		C3EBBC712C2FC3D100C09F51 /* ListItemView.swift in Sources */ = {isa = PBXBuildFile; fileRef = C3EBBC702C2FC3D100C09F51 /* ListItemView.swift */; };
		C3EBBC732C2FE01B00C09F51 /* NewItemCell.swift in Sources */ = {isa = PBXBuildFile; fileRef = C3EBBC722C2FE01B00C09F51 /* NewItemCell.swift */; };
		C3EBBC862C3225B400C09F51 /* CalendarViewController.swift in Sources */ = {isa = PBXBuildFile; fileRef = C3EBBC852C3225B400C09F51 /* CalendarViewController.swift */; };
		C3EBBC892C32263500C09F51 /* CalendarViewControllerRepresentable.swift in Sources */ = {isa = PBXBuildFile; fileRef = C3EBBC882C32263500C09F51 /* CalendarViewControllerRepresentable.swift */; };
		C3EBBC8B2C3227B200C09F51 /* CalendarView.swift in Sources */ = {isa = PBXBuildFile; fileRef = C3EBBC8A2C3227B200C09F51 /* CalendarView.swift */; };
		C3EBBC8D2C322E2D00C09F51 /* CalendarDayCollectionViewCell.swift in Sources */ = {isa = PBXBuildFile; fileRef = C3EBBC8C2C322E2D00C09F51 /* CalendarDayCollectionViewCell.swift */; };
		C3EBBC8F2C323BAD00C09F51 /* OtherDateCollectionViewCell.swift in Sources */ = {isa = PBXBuildFile; fileRef = C3EBBC8E2C323BAD00C09F51 /* OtherDateCollectionViewCell.swift */; };
		C3EBBC912C32BC2B00C09F51 /* CalendarTableViewCell.swift in Sources */ = {isa = PBXBuildFile; fileRef = C3EBBC902C32BC2B00C09F51 /* CalendarTableViewCell.swift */; };
		C3F06BCB2C25AF96000BB3F7 /* ParseTests.swift in Sources */ = {isa = PBXBuildFile; fileRef = C3F06BCA2C25AF96000BB3F7 /* ParseTests.swift */; };
/* End PBXBuildFile section */

/* Begin PBXContainerItemProxy section */
		C3F06BCC2C25AF96000BB3F7 /* PBXContainerItemProxy */ = {
			isa = PBXContainerItemProxy;
			containerPortal = C3C572CC2C1DC0D100314F5E /* Project object */;
			proxyType = 1;
			remoteGlobalIDString = C3C572D32C1DC0D100314F5E;
			remoteInfo = ToDoApp;
		};
/* End PBXContainerItemProxy section */

/* Begin PBXFileReference section */
		C38D29E72C263FE6009C60BF /* FileCacheTests.swift */ = {isa = PBXFileReference; lastKnownFileType = sourcecode.swift; path = FileCacheTests.swift; sourceTree = "<group>"; };
		C38D29EA2C270648009C60BF /* MainView.swift */ = {isa = PBXFileReference; lastKnownFileType = sourcecode.swift; path = MainView.swift; sourceTree = "<group>"; };
		C396B3C82C2A085400A695E6 /* TodoListViewModel.swift */ = {isa = PBXFileReference; lastKnownFileType = sourcecode.swift; path = TodoListViewModel.swift; sourceTree = "<group>"; };
		C3C572D42C1DC0D100314F5E /* ToDoApp.app */ = {isa = PBXFileReference; explicitFileType = wrapper.application; includeInIndex = 0; path = ToDoApp.app; sourceTree = BUILT_PRODUCTS_DIR; };
		C3C572D72C1DC0D100314F5E /* ToDoAppApp.swift */ = {isa = PBXFileReference; lastKnownFileType = sourcecode.swift; path = ToDoAppApp.swift; sourceTree = "<group>"; };
		C3C572D92C1DC0D100314F5E /* CreateEditItemView.swift */ = {isa = PBXFileReference; lastKnownFileType = sourcecode.swift; path = CreateEditItemView.swift; sourceTree = "<group>"; };
		C3C572DB2C1DC0D300314F5E /* Assets.xcassets */ = {isa = PBXFileReference; lastKnownFileType = folder.assetcatalog; path = Assets.xcassets; sourceTree = "<group>"; };
		C3C572DE2C1DC0D300314F5E /* Preview Assets.xcassets */ = {isa = PBXFileReference; lastKnownFileType = folder.assetcatalog; path = "Preview Assets.xcassets"; sourceTree = "<group>"; };
		C3C572E62C1DC13500314F5E /* ItemImportance.swift */ = {isa = PBXFileReference; lastKnownFileType = sourcecode.swift; path = ItemImportance.swift; sourceTree = "<group>"; };
		C3C572E82C1DC25700314F5E /* ToDoItem.swift */ = {isa = PBXFileReference; lastKnownFileType = sourcecode.swift; path = ToDoItem.swift; sourceTree = "<group>"; };
		C3C572FE2C1F13A600314F5E /* FileCache.swift */ = {isa = PBXFileReference; lastKnownFileType = sourcecode.swift; path = FileCache.swift; sourceTree = "<group>"; };
		C3DB71402C262CE700DFAFF9 /* test_1.json */ = {isa = PBXFileReference; lastKnownFileType = text.json; path = test_1.json; sourceTree = "<group>"; };
		C3DB71442C262F3D00DFAFF9 /* JsonTests.swift */ = {isa = PBXFileReference; lastKnownFileType = sourcecode.swift; path = JsonTests.swift; sourceTree = "<group>"; };
		C3E300112C2B45B3009C76E6 /* CustomTextView.swift */ = {isa = PBXFileReference; lastKnownFileType = sourcecode.swift; path = CustomTextView.swift; sourceTree = "<group>"; };
		C3E300152C2B6731009C76E6 /* Localizable-ru.strings */ = {isa = PBXFileReference; lastKnownFileType = text.plist.strings; path = "Localizable-ru.strings"; sourceTree = "<group>"; };
		C3E300182C2B67D5009C76E6 /* Strings.swift */ = {isa = PBXFileReference; lastKnownFileType = sourcecode.swift; path = Strings.swift; sourceTree = "<group>"; };
		C3E3001C2C2B6E11009C76E6 /* Colors.swift */ = {isa = PBXFileReference; lastKnownFileType = sourcecode.swift; path = Colors.swift; sourceTree = "<group>"; };
		C3E3001E2C2B711B009C76E6 /* Constants.swift */ = {isa = PBXFileReference; lastKnownFileType = sourcecode.swift; path = Constants.swift; sourceTree = "<group>"; };
		C3E300212C2B723F009C76E6 /* CreateItemViewViewModel.swift */ = {isa = PBXFileReference; lastKnownFileType = sourcecode.swift; path = CreateItemViewViewModel.swift; sourceTree = "<group>"; };
		C3E300242C2B82E9009C76E6 /* View+Extension.swift */ = {isa = PBXFileReference; lastKnownFileType = sourcecode.swift; path = "View+Extension.swift"; sourceTree = "<group>"; };
		C3E300292C2C1A6B009C76E6 /* DateFormatterManager.swift */ = {isa = PBXFileReference; lastKnownFileType = sourcecode.swift; path = DateFormatterManager.swift; sourceTree = "<group>"; };
		C3E300412C2D11BE009C76E6 /* Color+Hex.swift */ = {isa = PBXFileReference; lastKnownFileType = sourcecode.swift; path = "Color+Hex.swift"; sourceTree = "<group>"; };
		C3E300442C2D11DA009C76E6 /* UIColor+Hex.swift */ = {isa = PBXFileReference; lastKnownFileType = sourcecode.swift; path = "UIColor+Hex.swift"; sourceTree = "<group>"; };
		C3EBBC5E2C2F3BC700C09F51 /* TextView.swift */ = {isa = PBXFileReference; lastKnownFileType = sourcecode.swift; path = TextView.swift; sourceTree = "<group>"; };
		C3EBBC602C2F3D0700C09F51 /* ColorPickerView.swift */ = {isa = PBXFileReference; lastKnownFileType = sourcecode.swift; path = ColorPickerView.swift; sourceTree = "<group>"; };
		C3EBBC622C2F3FAB00C09F51 /* ImportanceSegmentView.swift */ = {isa = PBXFileReference; lastKnownFileType = sourcecode.swift; path = ImportanceSegmentView.swift; sourceTree = "<group>"; };
		C3EBBC642C2F422E00C09F51 /* DeadlineSegmentView.swift */ = {isa = PBXFileReference; lastKnownFileType = sourcecode.swift; path = DeadlineSegmentView.swift; sourceTree = "<group>"; };
		C3EBBC662C2F45B000C09F51 /* ItemActionType.swift */ = {isa = PBXFileReference; lastKnownFileType = sourcecode.swift; path = ItemActionType.swift; sourceTree = "<group>"; };
		C3EBBC682C2F507D00C09F51 /* DeleteButton.swift */ = {isa = PBXFileReference; lastKnownFileType = sourcecode.swift; path = DeleteButton.swift; sourceTree = "<group>"; };
		C3EBBC6A2C2F513700C09F51 /* DatePickerView.swift */ = {isa = PBXFileReference; lastKnownFileType = sourcecode.swift; path = DatePickerView.swift; sourceTree = "<group>"; };
		C3EBBC6C2C2F51EE00C09F51 /* NavigationToolBarModifier.swift */ = {isa = PBXFileReference; lastKnownFileType = sourcecode.swift; path = NavigationToolBarModifier.swift; sourceTree = "<group>"; };
		C3EBBC702C2FC3D100C09F51 /* ListItemView.swift */ = {isa = PBXFileReference; lastKnownFileType = sourcecode.swift; path = ListItemView.swift; sourceTree = "<group>"; };
		C3EBBC722C2FE01B00C09F51 /* NewItemCell.swift */ = {isa = PBXFileReference; lastKnownFileType = sourcecode.swift; path = NewItemCell.swift; sourceTree = "<group>"; };
		C3EBBC852C3225B400C09F51 /* CalendarViewController.swift */ = {isa = PBXFileReference; lastKnownFileType = sourcecode.swift; path = CalendarViewController.swift; sourceTree = "<group>"; };
		C3EBBC882C32263500C09F51 /* CalendarViewControllerRepresentable.swift */ = {isa = PBXFileReference; lastKnownFileType = sourcecode.swift; path = CalendarViewControllerRepresentable.swift; sourceTree = "<group>"; };
		C3EBBC8A2C3227B200C09F51 /* CalendarView.swift */ = {isa = PBXFileReference; lastKnownFileType = sourcecode.swift; path = CalendarView.swift; sourceTree = "<group>"; };
		C3EBBC8C2C322E2D00C09F51 /* CalendarDayCollectionViewCell.swift */ = {isa = PBXFileReference; lastKnownFileType = sourcecode.swift; path = CalendarDayCollectionViewCell.swift; sourceTree = "<group>"; };
		C3EBBC8E2C323BAD00C09F51 /* OtherDateCollectionViewCell.swift */ = {isa = PBXFileReference; lastKnownFileType = sourcecode.swift; path = OtherDateCollectionViewCell.swift; sourceTree = "<group>"; };
		C3EBBC902C32BC2B00C09F51 /* CalendarTableViewCell.swift */ = {isa = PBXFileReference; lastKnownFileType = sourcecode.swift; path = CalendarTableViewCell.swift; sourceTree = "<group>"; };
		C3F06BC82C25AF96000BB3F7 /* ToDoAppTests.xctest */ = {isa = PBXFileReference; explicitFileType = wrapper.cfbundle; includeInIndex = 0; path = ToDoAppTests.xctest; sourceTree = BUILT_PRODUCTS_DIR; };
		C3F06BCA2C25AF96000BB3F7 /* ParseTests.swift */ = {isa = PBXFileReference; lastKnownFileType = sourcecode.swift; path = ParseTests.swift; sourceTree = "<group>"; };
/* End PBXFileReference section */

/* Begin PBXFrameworksBuildPhase section */
		C3C572D12C1DC0D100314F5E /* Frameworks */ = {
			isa = PBXFrameworksBuildPhase;
			buildActionMask = 2147483647;
			files = (
			);
			runOnlyForDeploymentPostprocessing = 0;
		};
		C3F06BC52C25AF96000BB3F7 /* Frameworks */ = {
			isa = PBXFrameworksBuildPhase;
			buildActionMask = 2147483647;
			files = (
			);
			runOnlyForDeploymentPostprocessing = 0;
		};
/* End PBXFrameworksBuildPhase section */

/* Begin PBXGroup section */
		C38D29E92C2705F1009C60BF /* Views */ = {
			isa = PBXGroup;
			children = (
				C3EBBC872C3225BB00C09F51 /* CalendarViewController */,
				C3EBBC5D2C2F3BA300C09F51 /* CreateItemView */,
				C38D29EA2C270648009C60BF /* MainView.swift */,
				C3EBBC702C2FC3D100C09F51 /* ListItemView.swift */,
				C3EBBC722C2FE01B00C09F51 /* NewItemCell.swift */,
			);
			path = Views;
			sourceTree = "<group>";
		};
		C396B3C72C2A083900A695E6 /* ViewModels */ = {
			isa = PBXGroup;
			children = (
				C396B3C82C2A085400A695E6 /* TodoListViewModel.swift */,
				C3E300212C2B723F009C76E6 /* CreateItemViewViewModel.swift */,
			);
			path = ViewModels;
			sourceTree = "<group>";
		};
		C396B3CA2C2A0FBB00A695E6 /* Helpers */ = {
			isa = PBXGroup;
			children = (
				C3E300112C2B45B3009C76E6 /* CustomTextView.swift */,
				C3E300242C2B82E9009C76E6 /* View+Extension.swift */,
				C3E300292C2C1A6B009C76E6 /* DateFormatterManager.swift */,
				C3E300412C2D11BE009C76E6 /* Color+Hex.swift */,
				C3E300442C2D11DA009C76E6 /* UIColor+Hex.swift */,
			);
			path = Helpers;
			sourceTree = "<group>";
		};
		C3C572CB2C1DC0D100314F5E = {
			isa = PBXGroup;
			children = (
				C3C572D62C1DC0D100314F5E /* ToDoApp */,
				C3F06BC92C25AF96000BB3F7 /* ToDoAppTests */,
				C3C572D52C1DC0D100314F5E /* Products */,
			);
			sourceTree = "<group>";
		};
		C3C572D52C1DC0D100314F5E /* Products */ = {
			isa = PBXGroup;
			children = (
				C3C572D42C1DC0D100314F5E /* ToDoApp.app */,
				C3F06BC82C25AF96000BB3F7 /* ToDoAppTests.xctest */,
			);
			name = Products;
			sourceTree = "<group>";
		};
		C3C572D62C1DC0D100314F5E /* ToDoApp */ = {
			isa = PBXGroup;
			children = (
				C3E300172C2B67C6009C76E6 /* Generated */,
				C3E300142C2B66BC009C76E6 /* Resources */,
				C396B3CA2C2A0FBB00A695E6 /* Helpers */,
				C396B3C72C2A083900A695E6 /* ViewModels */,
				C38D29E92C2705F1009C60BF /* Views */,
				C3C572EA2C1DC25F00314F5E /* Models */,
				C3C572E52C1DC11900314F5E /* Enums */,
				C3C572D72C1DC0D100314F5E /* ToDoAppApp.swift */,
				C3C572FE2C1F13A600314F5E /* FileCache.swift */,
				C3C572DD2C1DC0D300314F5E /* Preview Content */,
			);
			path = ToDoApp;
			sourceTree = "<group>";
		};
		C3C572DD2C1DC0D300314F5E /* Preview Content */ = {
			isa = PBXGroup;
			children = (
				C3C572DE2C1DC0D300314F5E /* Preview Assets.xcassets */,
			);
			path = "Preview Content";
			sourceTree = "<group>";
		};
		C3C572E52C1DC11900314F5E /* Enums */ = {
			isa = PBXGroup;
			children = (
				C3C572E62C1DC13500314F5E /* ItemImportance.swift */,
				C3EBBC662C2F45B000C09F51 /* ItemActionType.swift */,
			);
			path = Enums;
			sourceTree = "<group>";
		};
		C3C572EA2C1DC25F00314F5E /* Models */ = {
			isa = PBXGroup;
			children = (
				C3C572E82C1DC25700314F5E /* ToDoItem.swift */,
			);
			path = Models;
			sourceTree = "<group>";
		};
		C3E300142C2B66BC009C76E6 /* Resources */ = {
			isa = PBXGroup;
			children = (
				C3E300152C2B6731009C76E6 /* Localizable-ru.strings */,
				C3C572DB2C1DC0D300314F5E /* Assets.xcassets */,
				C3E3001E2C2B711B009C76E6 /* Constants.swift */,
			);
			path = Resources;
			sourceTree = "<group>";
		};
		C3E300172C2B67C6009C76E6 /* Generated */ = {
			isa = PBXGroup;
			children = (
				C3E300182C2B67D5009C76E6 /* Strings.swift */,
				C3E3001C2C2B6E11009C76E6 /* Colors.swift */,
			);
			path = Generated;
			sourceTree = "<group>";
		};
		C3EBBC5D2C2F3BA300C09F51 /* CreateItemView */ = {
			isa = PBXGroup;
			children = (
				C3C572D92C1DC0D100314F5E /* CreateEditItemView.swift */,
				C3EBBC5E2C2F3BC700C09F51 /* TextView.swift */,
				C3EBBC602C2F3D0700C09F51 /* ColorPickerView.swift */,
				C3EBBC622C2F3FAB00C09F51 /* ImportanceSegmentView.swift */,
				C3EBBC642C2F422E00C09F51 /* DeadlineSegmentView.swift */,
				C3EBBC682C2F507D00C09F51 /* DeleteButton.swift */,
				C3EBBC6A2C2F513700C09F51 /* DatePickerView.swift */,
				C3EBBC6C2C2F51EE00C09F51 /* NavigationToolBarModifier.swift */,
			);
			path = CreateItemView;
			sourceTree = "<group>";
		};
		C3EBBC872C3225BB00C09F51 /* CalendarViewController */ = {
			isa = PBXGroup;
			children = (
				C3EBBC852C3225B400C09F51 /* CalendarViewController.swift */,
				C3EBBC882C32263500C09F51 /* CalendarViewControllerRepresentable.swift */,
				C3EBBC8A2C3227B200C09F51 /* CalendarView.swift */,
				C3EBBC8C2C322E2D00C09F51 /* CalendarDayCollectionViewCell.swift */,
				C3EBBC8E2C323BAD00C09F51 /* OtherDateCollectionViewCell.swift */,
				C3EBBC902C32BC2B00C09F51 /* CalendarTableViewCell.swift */,
			);
			path = CalendarViewController;
			sourceTree = "<group>";
		};
		C3F06BC92C25AF96000BB3F7 /* ToDoAppTests */ = {
			isa = PBXGroup;
			children = (
				C3DB71402C262CE700DFAFF9 /* test_1.json */,
				C3F06BCA2C25AF96000BB3F7 /* ParseTests.swift */,
				C3DB71442C262F3D00DFAFF9 /* JsonTests.swift */,
				C38D29E72C263FE6009C60BF /* FileCacheTests.swift */,
			);
			path = ToDoAppTests;
			sourceTree = "<group>";
		};
/* End PBXGroup section */

/* Begin PBXNativeTarget section */
		C3C572D32C1DC0D100314F5E /* ToDoApp */ = {
			isa = PBXNativeTarget;
			buildConfigurationList = C3C572E22C1DC0D300314F5E /* Build configuration list for PBXNativeTarget "ToDoApp" */;
			buildPhases = (
				C3C572D02C1DC0D100314F5E /* Sources */,
				C3C572D12C1DC0D100314F5E /* Frameworks */,
				C3C572D22C1DC0D100314F5E /* Resources */,
				C3E300132C2B6593009C76E6 /* ShellScript */,
			);
			buildRules = (
			);
			dependencies = (
			);
			name = ToDoApp;
			productName = ToDoApp;
			productReference = C3C572D42C1DC0D100314F5E /* ToDoApp.app */;
			productType = "com.apple.product-type.application";
		};
		C3F06BC72C25AF96000BB3F7 /* ToDoAppTests */ = {
			isa = PBXNativeTarget;
			buildConfigurationList = C3F06BD02C25AF96000BB3F7 /* Build configuration list for PBXNativeTarget "ToDoAppTests" */;
			buildPhases = (
				C3F06BC42C25AF96000BB3F7 /* Sources */,
				C3F06BC52C25AF96000BB3F7 /* Frameworks */,
				C3F06BC62C25AF96000BB3F7 /* Resources */,
			);
			buildRules = (
			);
			dependencies = (
				C3F06BCD2C25AF96000BB3F7 /* PBXTargetDependency */,
			);
			name = ToDoAppTests;
			productName = ToDoAppTests;
			productReference = C3F06BC82C25AF96000BB3F7 /* ToDoAppTests.xctest */;
			productType = "com.apple.product-type.bundle.unit-test";
		};
/* End PBXNativeTarget section */

/* Begin PBXProject section */
		C3C572CC2C1DC0D100314F5E /* Project object */ = {
			isa = PBXProject;
			attributes = {
				BuildIndependentTargetsInParallel = 1;
				LastSwiftUpdateCheck = 1520;
				LastUpgradeCheck = 1520;
				TargetAttributes = {
					C3C572D32C1DC0D100314F5E = {
						CreatedOnToolsVersion = 15.2;
					};
					C3F06BC72C25AF96000BB3F7 = {
						CreatedOnToolsVersion = 15.2;
						TestTargetID = C3C572D32C1DC0D100314F5E;
					};
				};
			};
			buildConfigurationList = C3C572CF2C1DC0D100314F5E /* Build configuration list for PBXProject "ToDoApp" */;
			compatibilityVersion = "Xcode 14.0";
			developmentRegion = en;
			hasScannedForEncodings = 0;
			knownRegions = (
				en,
				Base,
			);
			mainGroup = C3C572CB2C1DC0D100314F5E;
			productRefGroup = C3C572D52C1DC0D100314F5E /* Products */;
			projectDirPath = "";
			projectRoot = "";
			targets = (
				C3C572D32C1DC0D100314F5E /* ToDoApp */,
				C3F06BC72C25AF96000BB3F7 /* ToDoAppTests */,
			);
		};
/* End PBXProject section */

/* Begin PBXResourcesBuildPhase section */
		C3C572D22C1DC0D100314F5E /* Resources */ = {
			isa = PBXResourcesBuildPhase;
			buildActionMask = 2147483647;
			files = (
				C3C572DF2C1DC0D300314F5E /* Preview Assets.xcassets in Resources */,
				C3E300162C2B6731009C76E6 /* Localizable-ru.strings in Resources */,
				C3C572DC2C1DC0D300314F5E /* Assets.xcassets in Resources */,
			);
			runOnlyForDeploymentPostprocessing = 0;
		};
		C3F06BC62C25AF96000BB3F7 /* Resources */ = {
			isa = PBXResourcesBuildPhase;
			buildActionMask = 2147483647;
			files = (
				C3DB71412C262CE700DFAFF9 /* test_1.json in Resources */,
			);
			runOnlyForDeploymentPostprocessing = 0;
		};
/* End PBXResourcesBuildPhase section */

/* Begin PBXShellScriptBuildPhase section */
		C3E300132C2B6593009C76E6 /* ShellScript */ = {
			isa = PBXShellScriptBuildPhase;
			buildActionMask = 2147483647;
			files = (
			);
			inputFileListPaths = (
			);
			inputPaths = (
			);
			outputFileListPaths = (
			);
			outputPaths = (
			);
			runOnlyForDeploymentPostprocessing = 0;
			shellPath = /bin/sh;
			shellScript = "# Type a script or drag a script file from your workspace to insert its path.\n/opt/homebrew/bin/swiftgen config run\n";
		};
/* End PBXShellScriptBuildPhase section */

/* Begin PBXSourcesBuildPhase section */
		C3C572D02C1DC0D100314F5E /* Sources */ = {
			isa = PBXSourcesBuildPhase;
			buildActionMask = 2147483647;
			files = (
				C3EBBC652C2F422E00C09F51 /* DeadlineSegmentView.swift in Sources */,
				C3EBBC712C2FC3D100C09F51 /* ListItemView.swift in Sources */,
				C3EBBC6B2C2F513700C09F51 /* DatePickerView.swift in Sources */,
				C3EBBC8F2C323BAD00C09F51 /* OtherDateCollectionViewCell.swift in Sources */,
				C3C572E72C1DC13500314F5E /* ItemImportance.swift in Sources */,
				C3EBBC732C2FE01B00C09F51 /* NewItemCell.swift in Sources */,
				C3EBBC892C32263500C09F51 /* CalendarViewControllerRepresentable.swift in Sources */,
				C3E3001F2C2B711B009C76E6 /* Constants.swift in Sources */,
				C3EBBC8B2C3227B200C09F51 /* CalendarView.swift in Sources */,
				C3EBBC6D2C2F51EE00C09F51 /* NavigationToolBarModifier.swift in Sources */,
				C3E300222C2B723F009C76E6 /* CreateItemViewViewModel.swift in Sources */,
				C3EBBC632C2F3FAB00C09F51 /* ImportanceSegmentView.swift in Sources */,
				C3E3001D2C2B6E11009C76E6 /* Colors.swift in Sources */,
				C3E300192C2B67D5009C76E6 /* Strings.swift in Sources */,
				C3EBBC612C2F3D0700C09F51 /* ColorPickerView.swift in Sources */,
				C3E300422C2D11BE009C76E6 /* Color+Hex.swift in Sources */,
				C38D29EB2C270648009C60BF /* MainView.swift in Sources */,
				C3E3002A2C2C1A6B009C76E6 /* DateFormatterManager.swift in Sources */,
				C3E300122C2B45B3009C76E6 /* CustomTextView.swift in Sources */,
				C3EBBC912C32BC2B00C09F51 /* CalendarTableViewCell.swift in Sources */,
				C3E300452C2D11DA009C76E6 /* UIColor+Hex.swift in Sources */,
				C396B3C92C2A085400A695E6 /* TodoListViewModel.swift in Sources */,
				C3EBBC692C2F507D00C09F51 /* DeleteButton.swift in Sources */,
				C3EBBC8D2C322E2D00C09F51 /* CalendarDayCollectionViewCell.swift in Sources */,
				C3EBBC5F2C2F3BC700C09F51 /* TextView.swift in Sources */,
				C3EBBC672C2F45B000C09F51 /* ItemActionType.swift in Sources */,
				C3C572DA2C1DC0D100314F5E /* CreateEditItemView.swift in Sources */,
				C3C572D82C1DC0D100314F5E /* ToDoAppApp.swift in Sources */,
				C3E300252C2B82E9009C76E6 /* View+Extension.swift in Sources */,
				C3EBBC862C3225B400C09F51 /* CalendarViewController.swift in Sources */,
				C3C572FF2C1F13A600314F5E /* FileCache.swift in Sources */,
				C3C572E92C1DC25700314F5E /* ToDoItem.swift in Sources */,
			);
			runOnlyForDeploymentPostprocessing = 0;
		};
		C3F06BC42C25AF96000BB3F7 /* Sources */ = {
			isa = PBXSourcesBuildPhase;
			buildActionMask = 2147483647;
			files = (
				C3E300232C2B723F009C76E6 /* CreateItemViewViewModel.swift in Sources */,
				C3E300432C2D11BE009C76E6 /* Color+Hex.swift in Sources */,
				C3F06BCB2C25AF96000BB3F7 /* ParseTests.swift in Sources */,
				C3E300462C2D11DA009C76E6 /* UIColor+Hex.swift in Sources */,
				C3DB71452C262F3D00DFAFF9 /* JsonTests.swift in Sources */,
				C38D29E82C263FE6009C60BF /* FileCacheTests.swift in Sources */,
				C3E300262C2B82E9009C76E6 /* View+Extension.swift in Sources */,
				C3E300202C2B711B009C76E6 /* Constants.swift in Sources */,
				C3E3002B2C2C1A6B009C76E6 /* DateFormatterManager.swift in Sources */,
			);
			runOnlyForDeploymentPostprocessing = 0;
		};
/* End PBXSourcesBuildPhase section */

/* Begin PBXTargetDependency section */
		C3F06BCD2C25AF96000BB3F7 /* PBXTargetDependency */ = {
			isa = PBXTargetDependency;
			target = C3C572D32C1DC0D100314F5E /* ToDoApp */;
			targetProxy = C3F06BCC2C25AF96000BB3F7 /* PBXContainerItemProxy */;
		};
/* End PBXTargetDependency section */

/* Begin XCBuildConfiguration section */
		C3C572E02C1DC0D300314F5E /* Debug */ = {
			isa = XCBuildConfiguration;
			buildSettings = {
				ALWAYS_SEARCH_USER_PATHS = NO;
				ASSETCATALOG_COMPILER_GENERATE_SWIFT_ASSET_SYMBOL_EXTENSIONS = YES;
				CLANG_ANALYZER_NONNULL = YES;
				CLANG_ANALYZER_NUMBER_OBJECT_CONVERSION = YES_AGGRESSIVE;
				CLANG_CXX_LANGUAGE_STANDARD = "gnu++20";
				CLANG_ENABLE_MODULES = YES;
				CLANG_ENABLE_OBJC_ARC = YES;
				CLANG_ENABLE_OBJC_WEAK = YES;
				CLANG_WARN_BLOCK_CAPTURE_AUTORELEASING = YES;
				CLANG_WARN_BOOL_CONVERSION = YES;
				CLANG_WARN_COMMA = YES;
				CLANG_WARN_CONSTANT_CONVERSION = YES;
				CLANG_WARN_DEPRECATED_OBJC_IMPLEMENTATIONS = YES;
				CLANG_WARN_DIRECT_OBJC_ISA_USAGE = YES_ERROR;
				CLANG_WARN_DOCUMENTATION_COMMENTS = YES;
				CLANG_WARN_EMPTY_BODY = YES;
				CLANG_WARN_ENUM_CONVERSION = YES;
				CLANG_WARN_INFINITE_RECURSION = YES;
				CLANG_WARN_INT_CONVERSION = YES;
				CLANG_WARN_NON_LITERAL_NULL_CONVERSION = YES;
				CLANG_WARN_OBJC_IMPLICIT_RETAIN_SELF = YES;
				CLANG_WARN_OBJC_LITERAL_CONVERSION = YES;
				CLANG_WARN_OBJC_ROOT_CLASS = YES_ERROR;
				CLANG_WARN_QUOTED_INCLUDE_IN_FRAMEWORK_HEADER = YES;
				CLANG_WARN_RANGE_LOOP_ANALYSIS = YES;
				CLANG_WARN_STRICT_PROTOTYPES = YES;
				CLANG_WARN_SUSPICIOUS_MOVE = YES;
				CLANG_WARN_UNGUARDED_AVAILABILITY = YES_AGGRESSIVE;
				CLANG_WARN_UNREACHABLE_CODE = YES;
				CLANG_WARN__DUPLICATE_METHOD_MATCH = YES;
				COPY_PHASE_STRIP = NO;
				DEBUG_INFORMATION_FORMAT = dwarf;
				ENABLE_STRICT_OBJC_MSGSEND = YES;
				ENABLE_TESTABILITY = YES;
				ENABLE_USER_SCRIPT_SANDBOXING = NO;
				GCC_C_LANGUAGE_STANDARD = gnu17;
				GCC_DYNAMIC_NO_PIC = NO;
				GCC_NO_COMMON_BLOCKS = YES;
				GCC_OPTIMIZATION_LEVEL = 0;
				GCC_PREPROCESSOR_DEFINITIONS = (
					"DEBUG=1",
					"$(inherited)",
				);
				GCC_WARN_64_TO_32_BIT_CONVERSION = YES;
				GCC_WARN_ABOUT_RETURN_TYPE = YES_ERROR;
				GCC_WARN_UNDECLARED_SELECTOR = YES;
				GCC_WARN_UNINITIALIZED_AUTOS = YES_AGGRESSIVE;
				GCC_WARN_UNUSED_FUNCTION = YES;
				GCC_WARN_UNUSED_VARIABLE = YES;
				IPHONEOS_DEPLOYMENT_TARGET = 17.2;
				LOCALIZATION_PREFERS_STRING_CATALOGS = YES;
				MTL_ENABLE_DEBUG_INFO = INCLUDE_SOURCE;
				MTL_FAST_MATH = YES;
				ONLY_ACTIVE_ARCH = YES;
				SDKROOT = iphoneos;
				SWIFT_ACTIVE_COMPILATION_CONDITIONS = "DEBUG $(inherited)";
				SWIFT_OPTIMIZATION_LEVEL = "-Onone";
			};
			name = Debug;
		};
		C3C572E12C1DC0D300314F5E /* Release */ = {
			isa = XCBuildConfiguration;
			buildSettings = {
				ALWAYS_SEARCH_USER_PATHS = NO;
				ASSETCATALOG_COMPILER_GENERATE_SWIFT_ASSET_SYMBOL_EXTENSIONS = YES;
				CLANG_ANALYZER_NONNULL = YES;
				CLANG_ANALYZER_NUMBER_OBJECT_CONVERSION = YES_AGGRESSIVE;
				CLANG_CXX_LANGUAGE_STANDARD = "gnu++20";
				CLANG_ENABLE_MODULES = YES;
				CLANG_ENABLE_OBJC_ARC = YES;
				CLANG_ENABLE_OBJC_WEAK = YES;
				CLANG_WARN_BLOCK_CAPTURE_AUTORELEASING = YES;
				CLANG_WARN_BOOL_CONVERSION = YES;
				CLANG_WARN_COMMA = YES;
				CLANG_WARN_CONSTANT_CONVERSION = YES;
				CLANG_WARN_DEPRECATED_OBJC_IMPLEMENTATIONS = YES;
				CLANG_WARN_DIRECT_OBJC_ISA_USAGE = YES_ERROR;
				CLANG_WARN_DOCUMENTATION_COMMENTS = YES;
				CLANG_WARN_EMPTY_BODY = YES;
				CLANG_WARN_ENUM_CONVERSION = YES;
				CLANG_WARN_INFINITE_RECURSION = YES;
				CLANG_WARN_INT_CONVERSION = YES;
				CLANG_WARN_NON_LITERAL_NULL_CONVERSION = YES;
				CLANG_WARN_OBJC_IMPLICIT_RETAIN_SELF = YES;
				CLANG_WARN_OBJC_LITERAL_CONVERSION = YES;
				CLANG_WARN_OBJC_ROOT_CLASS = YES_ERROR;
				CLANG_WARN_QUOTED_INCLUDE_IN_FRAMEWORK_HEADER = YES;
				CLANG_WARN_RANGE_LOOP_ANALYSIS = YES;
				CLANG_WARN_STRICT_PROTOTYPES = YES;
				CLANG_WARN_SUSPICIOUS_MOVE = YES;
				CLANG_WARN_UNGUARDED_AVAILABILITY = YES_AGGRESSIVE;
				CLANG_WARN_UNREACHABLE_CODE = YES;
				CLANG_WARN__DUPLICATE_METHOD_MATCH = YES;
				COPY_PHASE_STRIP = NO;
				DEBUG_INFORMATION_FORMAT = "dwarf-with-dsym";
				ENABLE_NS_ASSERTIONS = NO;
				ENABLE_STRICT_OBJC_MSGSEND = YES;
				ENABLE_USER_SCRIPT_SANDBOXING = NO;
				GCC_C_LANGUAGE_STANDARD = gnu17;
				GCC_NO_COMMON_BLOCKS = YES;
				GCC_WARN_64_TO_32_BIT_CONVERSION = YES;
				GCC_WARN_ABOUT_RETURN_TYPE = YES_ERROR;
				GCC_WARN_UNDECLARED_SELECTOR = YES;
				GCC_WARN_UNINITIALIZED_AUTOS = YES_AGGRESSIVE;
				GCC_WARN_UNUSED_FUNCTION = YES;
				GCC_WARN_UNUSED_VARIABLE = YES;
				IPHONEOS_DEPLOYMENT_TARGET = 17.2;
				LOCALIZATION_PREFERS_STRING_CATALOGS = YES;
				MTL_ENABLE_DEBUG_INFO = NO;
				MTL_FAST_MATH = YES;
				SDKROOT = iphoneos;
				SWIFT_COMPILATION_MODE = wholemodule;
				VALIDATE_PRODUCT = YES;
			};
			name = Release;
		};
		C3C572E32C1DC0D300314F5E /* Debug */ = {
			isa = XCBuildConfiguration;
			buildSettings = {
				ASSETCATALOG_COMPILER_APPICON_NAME = AppIcon;
				ASSETCATALOG_COMPILER_GLOBAL_ACCENT_COLOR_NAME = AccentColor;
				CODE_SIGN_STYLE = Automatic;
				CURRENT_PROJECT_VERSION = 1;
				DEVELOPMENT_ASSET_PATHS = "\"ToDoApp/Preview Content\"";
				DEVELOPMENT_TEAM = QQXC2V882Q;
				ENABLE_PREVIEWS = YES;
				ENABLE_USER_SCRIPT_SANDBOXING = NO;
				GENERATE_INFOPLIST_FILE = YES;
				INFOPLIST_KEY_UIApplicationSceneManifest_Generation = YES;
				INFOPLIST_KEY_UIApplicationSupportsIndirectInputEvents = YES;
				INFOPLIST_KEY_UILaunchScreen_Generation = YES;
				INFOPLIST_KEY_UISupportedInterfaceOrientations_iPad = "UIInterfaceOrientationPortrait UIInterfaceOrientationPortraitUpsideDown UIInterfaceOrientationLandscapeLeft UIInterfaceOrientationLandscapeRight";
				INFOPLIST_KEY_UISupportedInterfaceOrientations_iPhone = "UIInterfaceOrientationPortrait UIInterfaceOrientationLandscapeLeft UIInterfaceOrientationLandscapeRight";
				LD_RUNPATH_SEARCH_PATHS = (
					"$(inherited)",
					"@executable_path/Frameworks",
				);
				MARKETING_VERSION = 1.0;
				PRODUCT_BUNDLE_IDENTIFIER = com.ToDoAppElina;
				PRODUCT_NAME = "$(TARGET_NAME)";
				SWIFT_EMIT_LOC_STRINGS = YES;
				SWIFT_VERSION = 5.0;
				TARGETED_DEVICE_FAMILY = "1,2";
			};
			name = Debug;
		};
		C3C572E42C1DC0D300314F5E /* Release */ = {
			isa = XCBuildConfiguration;
			buildSettings = {
				ASSETCATALOG_COMPILER_APPICON_NAME = AppIcon;
				ASSETCATALOG_COMPILER_GLOBAL_ACCENT_COLOR_NAME = AccentColor;
				CODE_SIGN_STYLE = Automatic;
				CURRENT_PROJECT_VERSION = 1;
				DEVELOPMENT_ASSET_PATHS = "\"ToDoApp/Preview Content\"";
				DEVELOPMENT_TEAM = QQXC2V882Q;
				ENABLE_PREVIEWS = YES;
				ENABLE_USER_SCRIPT_SANDBOXING = NO;
				GENERATE_INFOPLIST_FILE = YES;
				INFOPLIST_KEY_UIApplicationSceneManifest_Generation = YES;
				INFOPLIST_KEY_UIApplicationSupportsIndirectInputEvents = YES;
				INFOPLIST_KEY_UILaunchScreen_Generation = YES;
				INFOPLIST_KEY_UISupportedInterfaceOrientations_iPad = "UIInterfaceOrientationPortrait UIInterfaceOrientationPortraitUpsideDown UIInterfaceOrientationLandscapeLeft UIInterfaceOrientationLandscapeRight";
				INFOPLIST_KEY_UISupportedInterfaceOrientations_iPhone = "UIInterfaceOrientationPortrait UIInterfaceOrientationLandscapeLeft UIInterfaceOrientationLandscapeRight";
				LD_RUNPATH_SEARCH_PATHS = (
					"$(inherited)",
					"@executable_path/Frameworks",
				);
				MARKETING_VERSION = 1.0;
				PRODUCT_BUNDLE_IDENTIFIER = com.ToDoAppElina;
				PRODUCT_NAME = "$(TARGET_NAME)";
				SWIFT_EMIT_LOC_STRINGS = YES;
				SWIFT_VERSION = 5.0;
				TARGETED_DEVICE_FAMILY = "1,2";
			};
			name = Release;
		};
		C3F06BCE2C25AF96000BB3F7 /* Debug */ = {
			isa = XCBuildConfiguration;
			buildSettings = {
				BUNDLE_LOADER = "$(TEST_HOST)";
				CODE_SIGN_STYLE = Automatic;
				CURRENT_PROJECT_VERSION = 1;
				DEVELOPMENT_TEAM = QQXC2V882Q;
				GENERATE_INFOPLIST_FILE = YES;
				MARKETING_VERSION = 1.0;
				PRODUCT_BUNDLE_IDENTIFIER = com.ToDoAppTests;
				PRODUCT_NAME = "$(TARGET_NAME)";
				SWIFT_EMIT_LOC_STRINGS = NO;
				SWIFT_VERSION = 5.0;
				TARGETED_DEVICE_FAMILY = "1,2";
				TEST_HOST = "$(BUILT_PRODUCTS_DIR)/ToDoApp.app/$(BUNDLE_EXECUTABLE_FOLDER_PATH)/ToDoApp";
			};
			name = Debug;
		};
		C3F06BCF2C25AF96000BB3F7 /* Release */ = {
			isa = XCBuildConfiguration;
			buildSettings = {
				BUNDLE_LOADER = "$(TEST_HOST)";
				CODE_SIGN_STYLE = Automatic;
				CURRENT_PROJECT_VERSION = 1;
				DEVELOPMENT_TEAM = QQXC2V882Q;
				GENERATE_INFOPLIST_FILE = YES;
				MARKETING_VERSION = 1.0;
				PRODUCT_BUNDLE_IDENTIFIER = com.ToDoAppTests;
				PRODUCT_NAME = "$(TARGET_NAME)";
				SWIFT_EMIT_LOC_STRINGS = NO;
				SWIFT_VERSION = 5.0;
				TARGETED_DEVICE_FAMILY = "1,2";
				TEST_HOST = "$(BUILT_PRODUCTS_DIR)/ToDoApp.app/$(BUNDLE_EXECUTABLE_FOLDER_PATH)/ToDoApp";
			};
			name = Release;
		};
/* End XCBuildConfiguration section */

/* Begin XCConfigurationList section */
		C3C572CF2C1DC0D100314F5E /* Build configuration list for PBXProject "ToDoApp" */ = {
			isa = XCConfigurationList;
			buildConfigurations = (
				C3C572E02C1DC0D300314F5E /* Debug */,
				C3C572E12C1DC0D300314F5E /* Release */,
			);
			defaultConfigurationIsVisible = 0;
			defaultConfigurationName = Release;
		};
		C3C572E22C1DC0D300314F5E /* Build configuration list for PBXNativeTarget "ToDoApp" */ = {
			isa = XCConfigurationList;
			buildConfigurations = (
				C3C572E32C1DC0D300314F5E /* Debug */,
				C3C572E42C1DC0D300314F5E /* Release */,
			);
			defaultConfigurationIsVisible = 0;
			defaultConfigurationName = Release;
		};
		C3F06BD02C25AF96000BB3F7 /* Build configuration list for PBXNativeTarget "ToDoAppTests" */ = {
			isa = XCConfigurationList;
			buildConfigurations = (
				C3F06BCE2C25AF96000BB3F7 /* Debug */,
				C3F06BCF2C25AF96000BB3F7 /* Release */,
			);
			defaultConfigurationIsVisible = 0;
			defaultConfigurationName = Release;
		};
/* End XCConfigurationList section */
	};
	rootObject = C3C572CC2C1DC0D100314F5E /* Project object */;
}
