// !$*UTF8*$!
{
	archiveVersion = 1;
	classes = {
	};
	objectVersion = 56;
	objects = {

/* Begin PBXBuildFile section */
		C38D29E82C263FE6009C60BF /* FileCacheTests.swift in Sources */ = {isa = PBXBuildFile; fileRef = C38D29E72C263FE6009C60BF /* FileCacheTests.swift */; };
		C38D29EB2C270648009C60BF /* MainView.swift in Sources */ = {isa = PBXBuildFile; fileRef = C38D29EA2C270648009C60BF /* MainView.swift */; };
		C396B3C92C2A085400A695E6 /* MainViewViewModel.swift in Sources */ = {isa = PBXBuildFile; fileRef = C396B3C82C2A085400A695E6 /* MainViewViewModel.swift */; };
		C3C572D82C1DC0D100314F5E /* ToDoAppApp.swift in Sources */ = {isa = PBXBuildFile; fileRef = C3C572D72C1DC0D100314F5E /* ToDoAppApp.swift */; };
		C3C572DA2C1DC0D100314F5E /* CreateItemView.swift in Sources */ = {isa = PBXBuildFile; fileRef = C3C572D92C1DC0D100314F5E /* CreateItemView.swift */; };
		C3C572DC2C1DC0D300314F5E /* Assets.xcassets in Resources */ = {isa = PBXBuildFile; fileRef = C3C572DB2C1DC0D300314F5E /* Assets.xcassets */; };
		C3C572DF2C1DC0D300314F5E /* Preview Assets.xcassets in Resources */ = {isa = PBXBuildFile; fileRef = C3C572DE2C1DC0D300314F5E /* Preview Assets.xcassets */; };
		C3C572E72C1DC13500314F5E /* ItemImportance.swift in Sources */ = {isa = PBXBuildFile; fileRef = C3C572E62C1DC13500314F5E /* ItemImportance.swift */; };
		C3C572E92C1DC25700314F5E /* ToDoItem.swift in Sources */ = {isa = PBXBuildFile; fileRef = C3C572E82C1DC25700314F5E /* ToDoItem.swift */; };
		C3C572FF2C1F13A600314F5E /* FileCache.swift in Sources */ = {isa = PBXBuildFile; fileRef = C3C572FE2C1F13A600314F5E /* FileCache.swift */; };
		C3DB71412C262CE700DFAFF9 /* test_1.json in Resources */ = {isa = PBXBuildFile; fileRef = C3DB71402C262CE700DFAFF9 /* test_1.json */; };
		C3DB71452C262F3D00DFAFF9 /* JsonTests.swift in Sources */ = {isa = PBXBuildFile; fileRef = C3DB71442C262F3D00DFAFF9 /* JsonTests.swift */; };
		C3E300122C2B45B3009C76E6 /* CustomTextView.swift in Sources */ = {isa = PBXBuildFile; fileRef = C3E300112C2B45B3009C76E6 /* CustomTextView.swift */; };
		C3F06BCB2C25AF96000BB3F7 /* ParseTests.swift in Sources */ = {isa = PBXBuildFile; fileRef = C3F06BCA2C25AF96000BB3F7 /* ParseTests.swift */; };
/* End PBXBuildFile section */

/* Begin PBXContainerItemProxy section */
		C3F06BCC2C25AF96000BB3F7 /* PBXContainerItemProxy */ = {
			isa = PBXContainerItemProxy;
			containerPortal = C3C572CC2C1DC0D100314F5E /* Project object */;
			proxyType = 1;
			remoteGlobalIDString = C3C572D32C1DC0D100314F5E;
			remoteInfo = ToDoApp;
		};
/* End PBXContainerItemProxy section */

/* Begin PBXFileReference section */
		C38D29E72C263FE6009C60BF /* FileCacheTests.swift */ = {isa = PBXFileReference; lastKnownFileType = sourcecode.swift; path = FileCacheTests.swift; sourceTree = "<group>"; };
		C38D29EA2C270648009C60BF /* MainView.swift */ = {isa = PBXFileReference; lastKnownFileType = sourcecode.swift; path = MainView.swift; sourceTree = "<group>"; };
		C396B3C82C2A085400A695E6 /* MainViewViewModel.swift */ = {isa = PBXFileReference; lastKnownFileType = sourcecode.swift; path = MainViewViewModel.swift; sourceTree = "<group>"; };
		C3C572D42C1DC0D100314F5E /* ToDoApp.app */ = {isa = PBXFileReference; explicitFileType = wrapper.application; includeInIndex = 0; path = ToDoApp.app; sourceTree = BUILT_PRODUCTS_DIR; };
		C3C572D72C1DC0D100314F5E /* ToDoAppApp.swift */ = {isa = PBXFileReference; lastKnownFileType = sourcecode.swift; path = ToDoAppApp.swift; sourceTree = "<group>"; };
		C3C572D92C1DC0D100314F5E /* CreateItemView.swift */ = {isa = PBXFileReference; lastKnownFileType = sourcecode.swift; path = CreateItemView.swift; sourceTree = "<group>"; };
		C3C572DB2C1DC0D300314F5E /* Assets.xcassets */ = {isa = PBXFileReference; lastKnownFileType = folder.assetcatalog; path = Assets.xcassets; sourceTree = "<group>"; };
		C3C572DE2C1DC0D300314F5E /* Preview Assets.xcassets */ = {isa = PBXFileReference; lastKnownFileType = folder.assetcatalog; path = "Preview Assets.xcassets"; sourceTree = "<group>"; };
		C3C572E62C1DC13500314F5E /* ItemImportance.swift */ = {isa = PBXFileReference; lastKnownFileType = sourcecode.swift; path = ItemImportance.swift; sourceTree = "<group>"; };
		C3C572E82C1DC25700314F5E /* ToDoItem.swift */ = {isa = PBXFileReference; lastKnownFileType = sourcecode.swift; path = ToDoItem.swift; sourceTree = "<group>"; };
		C3C572FE2C1F13A600314F5E /* FileCache.swift */ = {isa = PBXFileReference; lastKnownFileType = sourcecode.swift; path = FileCache.swift; sourceTree = "<group>"; };
		C3DB71402C262CE700DFAFF9 /* test_1.json */ = {isa = PBXFileReference; lastKnownFileType = text.json; path = test_1.json; sourceTree = "<group>"; };
		C3DB71442C262F3D00DFAFF9 /* JsonTests.swift */ = {isa = PBXFileReference; lastKnownFileType = sourcecode.swift; path = JsonTests.swift; sourceTree = "<group>"; };
		C3E300112C2B45B3009C76E6 /* CustomTextView.swift */ = {isa = PBXFileReference; lastKnownFileType = sourcecode.swift; path = CustomTextView.swift; sourceTree = "<group>"; };
		C3F06BC82C25AF96000BB3F7 /* ToDoAppTests.xctest */ = {isa = PBXFileReference; explicitFileType = wrapper.cfbundle; includeInIndex = 0; path = ToDoAppTests.xctest; sourceTree = BUILT_PRODUCTS_DIR; };
		C3F06BCA2C25AF96000BB3F7 /* ParseTests.swift */ = {isa = PBXFileReference; lastKnownFileType = sourcecode.swift; path = ParseTests.swift; sourceTree = "<group>"; };
/* End PBXFileReference section */

/* Begin PBXFrameworksBuildPhase section */
		C3C572D12C1DC0D100314F5E /* Frameworks */ = {
			isa = PBXFrameworksBuildPhase;
			buildActionMask = 2147483647;
			files = (
			);
			runOnlyForDeploymentPostprocessing = 0;
		};
		C3F06BC52C25AF96000BB3F7 /* Frameworks */ = {
			isa = PBXFrameworksBuildPhase;
			buildActionMask = 2147483647;
			files = (
			);
			runOnlyForDeploymentPostprocessing = 0;
		};
/* End PBXFrameworksBuildPhase section */

/* Begin PBXGroup section */
		C38D29E92C2705F1009C60BF /* Views */ = {
			isa = PBXGroup;
			children = (
				C3C572D92C1DC0D100314F5E /* CreateItemView.swift */,
				C38D29EA2C270648009C60BF /* MainView.swift */,
			);
			path = Views;
			sourceTree = "<group>";
		};
		C396B3C72C2A083900A695E6 /* ViewModels */ = {
			isa = PBXGroup;
			children = (
				C396B3C82C2A085400A695E6 /* MainViewViewModel.swift */,
			);
			path = ViewModels;
			sourceTree = "<group>";
		};
		C396B3CA2C2A0FBB00A695E6 /* Helpers */ = {
			isa = PBXGroup;
			children = (
				C3E300112C2B45B3009C76E6 /* CustomTextView.swift */,
			);
			path = Helpers;
			sourceTree = "<group>";
		};
		C3C572CB2C1DC0D100314F5E = {
			isa = PBXGroup;
			children = (
				C3C572D62C1DC0D100314F5E /* ToDoApp */,
				C3F06BC92C25AF96000BB3F7 /* ToDoAppTests */,
				C3C572D52C1DC0D100314F5E /* Products */,
			);
			sourceTree = "<group>";
		};
		C3C572D52C1DC0D100314F5E /* Products */ = {
			isa = PBXGroup;
			children = (
				C3C572D42C1DC0D100314F5E /* ToDoApp.app */,
				C3F06BC82C25AF96000BB3F7 /* ToDoAppTests.xctest */,
			);
			name = Products;
			sourceTree = "<group>";
		};
		C3C572D62C1DC0D100314F5E /* ToDoApp */ = {
			isa = PBXGroup;
			children = (
				C396B3CA2C2A0FBB00A695E6 /* Helpers */,
				C396B3C72C2A083900A695E6 /* ViewModels */,
				C38D29E92C2705F1009C60BF /* Views */,
				C3C572EA2C1DC25F00314F5E /* Models */,
				C3C572E52C1DC11900314F5E /* Enums */,
				C3C572D72C1DC0D100314F5E /* ToDoAppApp.swift */,
				C3C572DB2C1DC0D300314F5E /* Assets.xcassets */,
				C3C572FE2C1F13A600314F5E /* FileCache.swift */,
				C3C572DD2C1DC0D300314F5E /* Preview Content */,
			);
			path = ToDoApp;
			sourceTree = "<group>";
		};
		C3C572DD2C1DC0D300314F5E /* Preview Content */ = {
			isa = PBXGroup;
			children = (
				C3C572DE2C1DC0D300314F5E /* Preview Assets.xcassets */,
			);
			path = "Preview Content";
			sourceTree = "<group>";
		};
		C3C572E52C1DC11900314F5E /* Enums */ = {
			isa = PBXGroup;
			children = (
				C3C572E62C1DC13500314F5E /* ItemImportance.swift */,
			);
			path = Enums;
			sourceTree = "<group>";
		};
		C3C572EA2C1DC25F00314F5E /* Models */ = {
			isa = PBXGroup;
			children = (
				C3C572E82C1DC25700314F5E /* ToDoItem.swift */,
			);
			path = Models;
			sourceTree = "<group>";
		};
		C3F06BC92C25AF96000BB3F7 /* ToDoAppTests */ = {
			isa = PBXGroup;
			children = (
				C3DB71402C262CE700DFAFF9 /* test_1.json */,
				C3F06BCA2C25AF96000BB3F7 /* ParseTests.swift */,
				C3DB71442C262F3D00DFAFF9 /* JsonTests.swift */,
				C38D29E72C263FE6009C60BF /* FileCacheTests.swift */,
			);
			path = ToDoAppTests;
			sourceTree = "<group>";
		};
/* End PBXGroup section */

/* Begin PBXNativeTarget section */
		C3C572D32C1DC0D100314F5E /* ToDoApp */ = {
			isa = PBXNativeTarget;
			buildConfigurationList = C3C572E22C1DC0D300314F5E /* Build configuration list for PBXNativeTarget "ToDoApp" */;
			buildPhases = (
				C3C572D02C1DC0D100314F5E /* Sources */,
				C3C572D12C1DC0D100314F5E /* Frameworks */,
				C3C572D22C1DC0D100314F5E /* Resources */,
			);
			buildRules = (
			);
			dependencies = (
			);
			name = ToDoApp;
			productName = ToDoApp;
			productReference = C3C572D42C1DC0D100314F5E /* ToDoApp.app */;
			productType = "com.apple.product-type.application";
		};
		C3F06BC72C25AF96000BB3F7 /* ToDoAppTests */ = {
			isa = PBXNativeTarget;
			buildConfigurationList = C3F06BD02C25AF96000BB3F7 /* Build configuration list for PBXNativeTarget "ToDoAppTests" */;
			buildPhases = (
				C3F06BC42C25AF96000BB3F7 /* Sources */,
				C3F06BC52C25AF96000BB3F7 /* Frameworks */,
				C3F06BC62C25AF96000BB3F7 /* Resources */,
			);
			buildRules = (
			);
			dependencies = (
				C3F06BCD2C25AF96000BB3F7 /* PBXTargetDependency */,
			);
			name = ToDoAppTests;
			productName = ToDoAppTests;
			productReference = C3F06BC82C25AF96000BB3F7 /* ToDoAppTests.xctest */;
			productType = "com.apple.product-type.bundle.unit-test";
		};
/* End PBXNativeTarget section */

/* Begin PBXProject section */
		C3C572CC2C1DC0D100314F5E /* Project object */ = {
			isa = PBXProject;
			attributes = {
				BuildIndependentTargetsInParallel = 1;
				LastSwiftUpdateCheck = 1520;
				LastUpgradeCheck = 1520;
				TargetAttributes = {
					C3C572D32C1DC0D100314F5E = {
						CreatedOnToolsVersion = 15.2;
					};
					C3F06BC72C25AF96000BB3F7 = {
						CreatedOnToolsVersion = 15.2;
						TestTargetID = C3C572D32C1DC0D100314F5E;
					};
				};
			};
			buildConfigurationList = C3C572CF2C1DC0D100314F5E /* Build configuration list for PBXProject "ToDoApp" */;
			compatibilityVersion = "Xcode 14.0";
			developmentRegion = en;
			hasScannedForEncodings = 0;
			knownRegions = (
				en,
				Base,
			);
			mainGroup = C3C572CB2C1DC0D100314F5E;
			productRefGroup = C3C572D52C1DC0D100314F5E /* Products */;
			projectDirPath = "";
			projectRoot = "";
			targets = (
				C3C572D32C1DC0D100314F5E /* ToDoApp */,
				C3F06BC72C25AF96000BB3F7 /* ToDoAppTests */,
			);
		};
/* End PBXProject section */

/* Begin PBXResourcesBuildPhase section */
		C3C572D22C1DC0D100314F5E /* Resources */ = {
			isa = PBXResourcesBuildPhase;
			buildActionMask = 2147483647;
			files = (
				C3C572DF2C1DC0D300314F5E /* Preview Assets.xcassets in Resources */,
				C3C572DC2C1DC0D300314F5E /* Assets.xcassets in Resources */,
			);
			runOnlyForDeploymentPostprocessing = 0;
		};
		C3F06BC62C25AF96000BB3F7 /* Resources */ = {
			isa = PBXResourcesBuildPhase;
			buildActionMask = 2147483647;
			files = (
				C3DB71412C262CE700DFAFF9 /* test_1.json in Resources */,
			);
			runOnlyForDeploymentPostprocessing = 0;
		};
/* End PBXResourcesBuildPhase section */

/* Begin PBXSourcesBuildPhase section */
		C3C572D02C1DC0D100314F5E /* Sources */ = {
			isa = PBXSourcesBuildPhase;
			buildActionMask = 2147483647;
			files = (
				C3C572E72C1DC13500314F5E /* ItemImportance.swift in Sources */,
				C38D29EB2C270648009C60BF /* MainView.swift in Sources */,
				C3E300122C2B45B3009C76E6 /* CustomTextView.swift in Sources */,
				C396B3C92C2A085400A695E6 /* MainViewViewModel.swift in Sources */,
				C3C572DA2C1DC0D100314F5E /* CreateItemView.swift in Sources */,
				C3C572D82C1DC0D100314F5E /* ToDoAppApp.swift in Sources */,
				C3C572FF2C1F13A600314F5E /* FileCache.swift in Sources */,
				C3C572E92C1DC25700314F5E /* ToDoItem.swift in Sources */,
			);
			runOnlyForDeploymentPostprocessing = 0;
		};
		C3F06BC42C25AF96000BB3F7 /* Sources */ = {
			isa = PBXSourcesBuildPhase;
			buildActionMask = 2147483647;
			files = (
				C3F06BCB2C25AF96000BB3F7 /* ParseTests.swift in Sources */,
				C3DB71452C262F3D00DFAFF9 /* JsonTests.swift in Sources */,
				C38D29E82C263FE6009C60BF /* FileCacheTests.swift in Sources */,
			);
			runOnlyForDeploymentPostprocessing = 0;
		};
/* End PBXSourcesBuildPhase section */

/* Begin PBXTargetDependency section */
		C3F06BCD2C25AF96000BB3F7 /* PBXTargetDependency */ = {
			isa = PBXTargetDependency;
			target = C3C572D32C1DC0D100314F5E /* ToDoApp */;
			targetProxy = C3F06BCC2C25AF96000BB3F7 /* PBXContainerItemProxy */;
		};
/* End PBXTargetDependency section */

/* Begin XCBuildConfiguration section */
		C3C572E02C1DC0D300314F5E /* Debug */ = {
			isa = XCBuildConfiguration;
			buildSettings = {
				ALWAYS_SEARCH_USER_PATHS = NO;
				ASSETCATALOG_COMPILER_GENERATE_SWIFT_ASSET_SYMBOL_EXTENSIONS = YES;
				CLANG_ANALYZER_NONNULL = YES;
				CLANG_ANALYZER_NUMBER_OBJECT_CONVERSION = YES_AGGRESSIVE;
				CLANG_CXX_LANGUAGE_STANDARD = "gnu++20";
				CLANG_ENABLE_MODULES = YES;
				CLANG_ENABLE_OBJC_ARC = YES;
				CLANG_ENABLE_OBJC_WEAK = YES;
				CLANG_WARN_BLOCK_CAPTURE_AUTORELEASING = YES;
				CLANG_WARN_BOOL_CONVERSION = YES;
				CLANG_WARN_COMMA = YES;
				CLANG_WARN_CONSTANT_CONVERSION = YES;
				CLANG_WARN_DEPRECATED_OBJC_IMPLEMENTATIONS = YES;
				CLANG_WARN_DIRECT_OBJC_ISA_USAGE = YES_ERROR;
				CLANG_WARN_DOCUMENTATION_COMMENTS = YES;
				CLANG_WARN_EMPTY_BODY = YES;
				CLANG_WARN_ENUM_CONVERSION = YES;
				CLANG_WARN_INFINITE_RECURSION = YES;
				CLANG_WARN_INT_CONVERSION = YES;
				CLANG_WARN_NON_LITERAL_NULL_CONVERSION = YES;
				CLANG_WARN_OBJC_IMPLICIT_RETAIN_SELF = YES;
				CLANG_WARN_OBJC_LITERAL_CONVERSION = YES;
				CLANG_WARN_OBJC_ROOT_CLASS = YES_ERROR;
				CLANG_WARN_QUOTED_INCLUDE_IN_FRAMEWORK_HEADER = YES;
				CLANG_WARN_RANGE_LOOP_ANALYSIS = YES;
				CLANG_WARN_STRICT_PROTOTYPES = YES;
				CLANG_WARN_SUSPICIOUS_MOVE = YES;
				CLANG_WARN_UNGUARDED_AVAILABILITY = YES_AGGRESSIVE;
				CLANG_WARN_UNREACHABLE_CODE = YES;
				CLANG_WARN__DUPLICATE_METHOD_MATCH = YES;
				COPY_PHASE_STRIP = NO;
				DEBUG_INFORMATION_FORMAT = dwarf;
				ENABLE_STRICT_OBJC_MSGSEND = YES;
				ENABLE_TESTABILITY = YES;
				ENABLE_USER_SCRIPT_SANDBOXING = YES;
				GCC_C_LANGUAGE_STANDARD = gnu17;
				GCC_DYNAMIC_NO_PIC = NO;
				GCC_NO_COMMON_BLOCKS = YES;
				GCC_OPTIMIZATION_LEVEL = 0;
				GCC_PREPROCESSOR_DEFINITIONS = (
					"DEBUG=1",
					"$(inherited)",
				);
				GCC_WARN_64_TO_32_BIT_CONVERSION = YES;
				GCC_WARN_ABOUT_RETURN_TYPE = YES_ERROR;
				GCC_WARN_UNDECLARED_SELECTOR = YES;
				GCC_WARN_UNINITIALIZED_AUTOS = YES_AGGRESSIVE;
				GCC_WARN_UNUSED_FUNCTION = YES;
				GCC_WARN_UNUSED_VARIABLE = YES;
				IPHONEOS_DEPLOYMENT_TARGET = 17.2;
				LOCALIZATION_PREFERS_STRING_CATALOGS = YES;
				MTL_ENABLE_DEBUG_INFO = INCLUDE_SOURCE;
				MTL_FAST_MATH = YES;
				ONLY_ACTIVE_ARCH = YES;
				SDKROOT = iphoneos;
				SWIFT_ACTIVE_COMPILATION_CONDITIONS = "DEBUG $(inherited)";
				SWIFT_OPTIMIZATION_LEVEL = "-Onone";
			};
			name = Debug;
		};
		C3C572E12C1DC0D300314F5E /* Release */ = {
			isa = XCBuildConfiguration;
			buildSettings = {
				ALWAYS_SEARCH_USER_PATHS = NO;
				ASSETCATALOG_COMPILER_GENERATE_SWIFT_ASSET_SYMBOL_EXTENSIONS = YES;
				CLANG_ANALYZER_NONNULL = YES;
				CLANG_ANALYZER_NUMBER_OBJECT_CONVERSION = YES_AGGRESSIVE;
				CLANG_CXX_LANGUAGE_STANDARD = "gnu++20";
				CLANG_ENABLE_MODULES = YES;
				CLANG_ENABLE_OBJC_ARC = YES;
				CLANG_ENABLE_OBJC_WEAK = YES;
				CLANG_WARN_BLOCK_CAPTURE_AUTORELEASING = YES;
				CLANG_WARN_BOOL_CONVERSION = YES;
				CLANG_WARN_COMMA = YES;
				CLANG_WARN_CONSTANT_CONVERSION = YES;
				CLANG_WARN_DEPRECATED_OBJC_IMPLEMENTATIONS = YES;
				CLANG_WARN_DIRECT_OBJC_ISA_USAGE = YES_ERROR;
				CLANG_WARN_DOCUMENTATION_COMMENTS = YES;
				CLANG_WARN_EMPTY_BODY = YES;
				CLANG_WARN_ENUM_CONVERSION = YES;
				CLANG_WARN_INFINITE_RECURSION = YES;
				CLANG_WARN_INT_CONVERSION = YES;
				CLANG_WARN_NON_LITERAL_NULL_CONVERSION = YES;
				CLANG_WARN_OBJC_IMPLICIT_RETAIN_SELF = YES;
				CLANG_WARN_OBJC_LITERAL_CONVERSION = YES;
				CLANG_WARN_OBJC_ROOT_CLASS = YES_ERROR;
				CLANG_WARN_QUOTED_INCLUDE_IN_FRAMEWORK_HEADER = YES;
				CLANG_WARN_RANGE_LOOP_ANALYSIS = YES;
				CLANG_WARN_STRICT_PROTOTYPES = YES;
				CLANG_WARN_SUSPICIOUS_MOVE = YES;
				CLANG_WARN_UNGUARDED_AVAILABILITY = YES_AGGRESSIVE;
				CLANG_WARN_UNREACHABLE_CODE = YES;
				CLANG_WARN__DUPLICATE_METHOD_MATCH = YES;
				COPY_PHASE_STRIP = NO;
				DEBUG_INFORMATION_FORMAT = "dwarf-with-dsym";
				ENABLE_NS_ASSERTIONS = NO;
				ENABLE_STRICT_OBJC_MSGSEND = YES;
				ENABLE_USER_SCRIPT_SANDBOXING = YES;
				GCC_C_LANGUAGE_STANDARD = gnu17;
				GCC_NO_COMMON_BLOCKS = YES;
				GCC_WARN_64_TO_32_BIT_CONVERSION = YES;
				GCC_WARN_ABOUT_RETURN_TYPE = YES_ERROR;
				GCC_WARN_UNDECLARED_SELECTOR = YES;
				GCC_WARN_UNINITIALIZED_AUTOS = YES_AGGRESSIVE;
				GCC_WARN_UNUSED_FUNCTION = YES;
				GCC_WARN_UNUSED_VARIABLE = YES;
				IPHONEOS_DEPLOYMENT_TARGET = 17.2;
				LOCALIZATION_PREFERS_STRING_CATALOGS = YES;
				MTL_ENABLE_DEBUG_INFO = NO;
				MTL_FAST_MATH = YES;
				SDKROOT = iphoneos;
				SWIFT_COMPILATION_MODE = wholemodule;
				VALIDATE_PRODUCT = YES;
			};
			name = Release;
		};
		C3C572E32C1DC0D300314F5E /* Debug */ = {
			isa = XCBuildConfiguration;
			buildSettings = {
				ASSETCATALOG_COMPILER_APPICON_NAME = AppIcon;
				ASSETCATALOG_COMPILER_GLOBAL_ACCENT_COLOR_NAME = AccentColor;
				CODE_SIGN_STYLE = Automatic;
				CURRENT_PROJECT_VERSION = 1;
				DEVELOPMENT_ASSET_PATHS = "\"ToDoApp/Preview Content\"";
				DEVELOPMENT_TEAM = QQXC2V882Q;
				ENABLE_PREVIEWS = YES;
				GENERATE_INFOPLIST_FILE = YES;
				INFOPLIST_KEY_UIApplicationSceneManifest_Generation = YES;
				INFOPLIST_KEY_UIApplicationSupportsIndirectInputEvents = YES;
				INFOPLIST_KEY_UILaunchScreen_Generation = YES;
				INFOPLIST_KEY_UISupportedInterfaceOrientations_iPad = "UIInterfaceOrientationPortrait UIInterfaceOrientationPortraitUpsideDown UIInterfaceOrientationLandscapeLeft UIInterfaceOrientationLandscapeRight";
				INFOPLIST_KEY_UISupportedInterfaceOrientations_iPhone = "UIInterfaceOrientationPortrait UIInterfaceOrientationLandscapeLeft UIInterfaceOrientationLandscapeRight";
				LD_RUNPATH_SEARCH_PATHS = (
					"$(inherited)",
					"@executable_path/Frameworks",
				);
				MARKETING_VERSION = 1.0;
				PRODUCT_BUNDLE_IDENTIFIER = com.ToDoApp;
				PRODUCT_NAME = "$(TARGET_NAME)";
				SWIFT_EMIT_LOC_STRINGS = YES;
				SWIFT_VERSION = 5.0;
				TARGETED_DEVICE_FAMILY = "1,2";
			};
			name = Debug;
		};
		C3C572E42C1DC0D300314F5E /* Release */ = {
			isa = XCBuildConfiguration;
			buildSettings = {
				ASSETCATALOG_COMPILER_APPICON_NAME = AppIcon;
				ASSETCATALOG_COMPILER_GLOBAL_ACCENT_COLOR_NAME = AccentColor;
				CODE_SIGN_STYLE = Automatic;
				CURRENT_PROJECT_VERSION = 1;
				DEVELOPMENT_ASSET_PATHS = "\"ToDoApp/Preview Content\"";
				DEVELOPMENT_TEAM = QQXC2V882Q;
				ENABLE_PREVIEWS = YES;
				GENERATE_INFOPLIST_FILE = YES;
				INFOPLIST_KEY_UIApplicationSceneManifest_Generation = YES;
				INFOPLIST_KEY_UIApplicationSupportsIndirectInputEvents = YES;
				INFOPLIST_KEY_UILaunchScreen_Generation = YES;
				INFOPLIST_KEY_UISupportedInterfaceOrientations_iPad = "UIInterfaceOrientationPortrait UIInterfaceOrientationPortraitUpsideDown UIInterfaceOrientationLandscapeLeft UIInterfaceOrientationLandscapeRight";
				INFOPLIST_KEY_UISupportedInterfaceOrientations_iPhone = "UIInterfaceOrientationPortrait UIInterfaceOrientationLandscapeLeft UIInterfaceOrientationLandscapeRight";
				LD_RUNPATH_SEARCH_PATHS = (
					"$(inherited)",
					"@executable_path/Frameworks",
				);
				MARKETING_VERSION = 1.0;
				PRODUCT_BUNDLE_IDENTIFIER = com.ToDoApp;
				PRODUCT_NAME = "$(TARGET_NAME)";
				SWIFT_EMIT_LOC_STRINGS = YES;
				SWIFT_VERSION = 5.0;
				TARGETED_DEVICE_FAMILY = "1,2";
			};
			name = Release;
		};
		C3F06BCE2C25AF96000BB3F7 /* Debug */ = {
			isa = XCBuildConfiguration;
			buildSettings = {
				BUNDLE_LOADER = "$(TEST_HOST)";
				CODE_SIGN_STYLE = Automatic;
				CURRENT_PROJECT_VERSION = 1;
				DEVELOPMENT_TEAM = QQXC2V882Q;
				GENERATE_INFOPLIST_FILE = YES;
				MARKETING_VERSION = 1.0;
				PRODUCT_BUNDLE_IDENTIFIER = com.ToDoAppTests;
				PRODUCT_NAME = "$(TARGET_NAME)";
				SWIFT_EMIT_LOC_STRINGS = NO;
				SWIFT_VERSION = 5.0;
				TARGETED_DEVICE_FAMILY = "1,2";
				TEST_HOST = "$(BUILT_PRODUCTS_DIR)/ToDoApp.app/$(BUNDLE_EXECUTABLE_FOLDER_PATH)/ToDoApp";
			};
			name = Debug;
		};
		C3F06BCF2C25AF96000BB3F7 /* Release */ = {
			isa = XCBuildConfiguration;
			buildSettings = {
				BUNDLE_LOADER = "$(TEST_HOST)";
				CODE_SIGN_STYLE = Automatic;
				CURRENT_PROJECT_VERSION = 1;
				DEVELOPMENT_TEAM = QQXC2V882Q;
				GENERATE_INFOPLIST_FILE = YES;
				MARKETING_VERSION = 1.0;
				PRODUCT_BUNDLE_IDENTIFIER = com.ToDoAppTests;
				PRODUCT_NAME = "$(TARGET_NAME)";
				SWIFT_EMIT_LOC_STRINGS = NO;
				SWIFT_VERSION = 5.0;
				TARGETED_DEVICE_FAMILY = "1,2";
				TEST_HOST = "$(BUILT_PRODUCTS_DIR)/ToDoApp.app/$(BUNDLE_EXECUTABLE_FOLDER_PATH)/ToDoApp";
			};
			name = Release;
		};
/* End XCBuildConfiguration section */

/* Begin XCConfigurationList section */
		C3C572CF2C1DC0D100314F5E /* Build configuration list for PBXProject "ToDoApp" */ = {
			isa = XCConfigurationList;
			buildConfigurations = (
				C3C572E02C1DC0D300314F5E /* Debug */,
				C3C572E12C1DC0D300314F5E /* Release */,
			);
			defaultConfigurationIsVisible = 0;
			defaultConfigurationName = Release;
		};
		C3C572E22C1DC0D300314F5E /* Build configuration list for PBXNativeTarget "ToDoApp" */ = {
			isa = XCConfigurationList;
			buildConfigurations = (
				C3C572E32C1DC0D300314F5E /* Debug */,
				C3C572E42C1DC0D300314F5E /* Release */,
			);
			defaultConfigurationIsVisible = 0;
			defaultConfigurationName = Release;
		};
		C3F06BD02C25AF96000BB3F7 /* Build configuration list for PBXNativeTarget "ToDoAppTests" */ = {
			isa = XCConfigurationList;
			buildConfigurations = (
				C3F06BCE2C25AF96000BB3F7 /* Debug */,
				C3F06BCF2C25AF96000BB3F7 /* Release */,
			);
			defaultConfigurationIsVisible = 0;
			defaultConfigurationName = Release;
		};
/* End XCConfigurationList section */
	};
	rootObject = C3C572CC2C1DC0D100314F5E /* Project object */;
}
